// !$*UTF8*$!
{
	archiveVersion = 1;
	classes = {
	};
	objectVersion = 56;
	objects = {

/* Begin PBXBuildFile section */
		B24BD0672CA5B94400D65FD1 /* TeachPlayApp.swift in Sources */ = {isa = PBXBuildFile; fileRef = B24BD0662CA5B94400D65FD1 /* TeachPlayApp.swift */; };
		B24BD0692CA5B94400D65FD1 /* ContentView.swift in Sources */ = {isa = PBXBuildFile; fileRef = B24BD0682CA5B94400D65FD1 /* ContentView.swift */; };
		B24BD06B2CA5B94400D65FD1 /* Item.swift in Sources */ = {isa = PBXBuildFile; fileRef = B24BD06A2CA5B94400D65FD1 /* Item.swift */; };
		B24BD06D2CA5B94500D65FD1 /* Assets.xcassets in Resources */ = {isa = PBXBuildFile; fileRef = B24BD06C2CA5B94500D65FD1 /* Assets.xcassets */; };
		B24BD0702CA5B94500D65FD1 /* Preview Assets.xcassets in Resources */ = {isa = PBXBuildFile; fileRef = B24BD06F2CA5B94500D65FD1 /* Preview Assets.xcassets */; };
		B26BF31D2CDBB3B900E4A598 /* Home.swift in Sources */ = {isa = PBXBuildFile; fileRef = B26BF31C2CDBB3B900E4A598 /* Home.swift */; };
		B26BF31F2CDBB40000E4A598 /* Search.swift in Sources */ = {isa = PBXBuildFile; fileRef = B26BF31E2CDBB40000E4A598 /* Search.swift */; };
		B26BF3212CDBC82400E4A598 /* Profile.swift in Sources */ = {isa = PBXBuildFile; fileRef = B26BF3202CDBC82400E4A598 /* Profile.swift */; };
		B26BF3232CDBE3F200E4A598 /* UserModel.swift in Sources */ = {isa = PBXBuildFile; fileRef = B26BF3222CDBE3F200E4A598 /* UserModel.swift */; };
		B26BF3252CDBE47500E4A598 /* DefaultAvatar.swift in Sources */ = {isa = PBXBuildFile; fileRef = B26BF3242CDBE47500E4A598 /* DefaultAvatar.swift */; };
		B26BF3272CDBF2F200E4A598 /* Rating.swift in Sources */ = {isa = PBXBuildFile; fileRef = B26BF3262CDBF2F200E4A598 /* Rating.swift */; };
		B2FA474F2CD7AF0500BBB3CF /* Constans.swift in Sources */ = {isa = PBXBuildFile; fileRef = B2FA474E2CD7AF0500BBB3CF /* Constans.swift */; };
		B2FA47512CD7AF7900BBB3CF /* View+Extensions.swift in Sources */ = {isa = PBXBuildFile; fileRef = B2FA47502CD7AF7900BBB3CF /* View+Extensions.swift */; };
		B2FA47542CD7AFD700BBB3CF /* Tab.swift in Sources */ = {isa = PBXBuildFile; fileRef = B2FA47532CD7AFD700BBB3CF /* Tab.swift */; };
		B2FA47562CD7B7A900BBB3CF /* TintColor.swift in Sources */ = {isa = PBXBuildFile; fileRef = B2FA47552CD7B7A900BBB3CF /* TintColor.swift */; };
		B2FA47592CD7B93B00BBB3CF /* ThemeChangeView.swift in Sources */ = {isa = PBXBuildFile; fileRef = B2FA47582CD7B93B00BBB3CF /* ThemeChangeView.swift */; };
		B2FA475C2CD7B9B400BBB3CF /* Settings.swift in Sources */ = {isa = PBXBuildFile; fileRef = B2FA475B2CD7B9B400BBB3CF /* Settings.swift */; };
		B2FA475E2CD7BA2100BBB3CF /* IntroScreen.swift in Sources */ = {isa = PBXBuildFile; fileRef = B2FA475D2CD7BA2100BBB3CF /* IntroScreen.swift */; };
/* End PBXBuildFile section */

/* Begin PBXFileReference section */
		B24BD0632CA5B94300D65FD1 /* TeachPlay.app */ = {isa = PBXFileReference; explicitFileType = wrapper.application; includeInIndex = 0; path = TeachPlay.app; sourceTree = BUILT_PRODUCTS_DIR; };
		B24BD0662CA5B94400D65FD1 /* TeachPlayApp.swift */ = {isa = PBXFileReference; lastKnownFileType = sourcecode.swift; path = TeachPlayApp.swift; sourceTree = "<group>"; };
		B24BD0682CA5B94400D65FD1 /* ContentView.swift */ = {isa = PBXFileReference; lastKnownFileType = sourcecode.swift; path = ContentView.swift; sourceTree = "<group>"; };
		B24BD06A2CA5B94400D65FD1 /* Item.swift */ = {isa = PBXFileReference; lastKnownFileType = sourcecode.swift; path = Item.swift; sourceTree = "<group>"; };
		B24BD06C2CA5B94500D65FD1 /* Assets.xcassets */ = {isa = PBXFileReference; lastKnownFileType = folder.assetcatalog; path = Assets.xcassets; sourceTree = "<group>"; };
		B24BD06F2CA5B94500D65FD1 /* Preview Assets.xcassets */ = {isa = PBXFileReference; lastKnownFileType = folder.assetcatalog; path = "Preview Assets.xcassets"; sourceTree = "<group>"; };
		B26BF31C2CDBB3B900E4A598 /* Home.swift */ = {isa = PBXFileReference; lastKnownFileType = sourcecode.swift; path = Home.swift; sourceTree = "<group>"; };
		B26BF31E2CDBB40000E4A598 /* Search.swift */ = {isa = PBXFileReference; lastKnownFileType = sourcecode.swift; path = Search.swift; sourceTree = "<group>"; };
		B26BF3202CDBC82400E4A598 /* Profile.swift */ = {isa = PBXFileReference; lastKnownFileType = sourcecode.swift; path = Profile.swift; sourceTree = "<group>"; };
		B26BF3222CDBE3F200E4A598 /* UserModel.swift */ = {isa = PBXFileReference; lastKnownFileType = sourcecode.swift; path = UserModel.swift; sourceTree = "<group>"; };
		B26BF3242CDBE47500E4A598 /* DefaultAvatar.swift */ = {isa = PBXFileReference; lastKnownFileType = sourcecode.swift; path = DefaultAvatar.swift; sourceTree = "<group>"; };
		B26BF3262CDBF2F200E4A598 /* Rating.swift */ = {isa = PBXFileReference; lastKnownFileType = sourcecode.swift; path = Rating.swift; sourceTree = "<group>"; };
		B2FA474E2CD7AF0500BBB3CF /* Constans.swift */ = {isa = PBXFileReference; lastKnownFileType = sourcecode.swift; path = Constans.swift; sourceTree = "<group>"; };
		B2FA47502CD7AF7900BBB3CF /* View+Extensions.swift */ = {isa = PBXFileReference; lastKnownFileType = sourcecode.swift; path = "View+Extensions.swift"; sourceTree = "<group>"; };
		B2FA47532CD7AFD700BBB3CF /* Tab.swift */ = {isa = PBXFileReference; lastKnownFileType = sourcecode.swift; path = Tab.swift; sourceTree = "<group>"; };
		B2FA47552CD7B7A900BBB3CF /* TintColor.swift */ = {isa = PBXFileReference; lastKnownFileType = sourcecode.swift; path = TintColor.swift; sourceTree = "<group>"; };
		B2FA47582CD7B93B00BBB3CF /* ThemeChangeView.swift */ = {isa = PBXFileReference; lastKnownFileType = sourcecode.swift; path = ThemeChangeView.swift; sourceTree = "<group>"; };
		B2FA475B2CD7B9B400BBB3CF /* Settings.swift */ = {isa = PBXFileReference; lastKnownFileType = sourcecode.swift; path = Settings.swift; sourceTree = "<group>"; };
		B2FA475D2CD7BA2100BBB3CF /* IntroScreen.swift */ = {isa = PBXFileReference; lastKnownFileType = sourcecode.swift; path = IntroScreen.swift; sourceTree = "<group>"; };
/* End PBXFileReference section */

/* Begin PBXFrameworksBuildPhase section */
		B24BD0602CA5B94300D65FD1 /* Frameworks */ = {
			isa = PBXFrameworksBuildPhase;
			buildActionMask = 2147483647;
			files = (
			);
			runOnlyForDeploymentPostprocessing = 0;
		};
/* End PBXFrameworksBuildPhase section */

/* Begin PBXGroup section */
		B24BD05A2CA5B94300D65FD1 = {
			isa = PBXGroup;
			children = (
				B24BD0652CA5B94300D65FD1 /* TeachPlay */,
				B24BD0642CA5B94300D65FD1 /* Products */,
			);
			sourceTree = "<group>";
		};
		B24BD0642CA5B94300D65FD1 /* Products */ = {
			isa = PBXGroup;
			children = (
				B24BD0632CA5B94300D65FD1 /* TeachPlay.app */,
			);
			name = Products;
			sourceTree = "<group>";
		};
		B24BD0652CA5B94300D65FD1 /* TeachPlay */ = {
			isa = PBXGroup;
			children = (
				B2FA474B2CD7AE4A00BBB3CF /* Helpers */,
				B2FA474C2CD7AE6000BBB3CF /* Model */,
				B2FA474D2CD7AE8500BBB3CF /* View */,
				B24BD0662CA5B94400D65FD1 /* TeachPlayApp.swift */,
				B24BD0682CA5B94400D65FD1 /* ContentView.swift */,
				B24BD06A2CA5B94400D65FD1 /* Item.swift */,
				B24BD06C2CA5B94500D65FD1 /* Assets.xcassets */,
				B24BD06E2CA5B94500D65FD1 /* Preview Content */,
			);
			path = TeachPlay;
			sourceTree = "<group>";
		};
		B24BD06E2CA5B94500D65FD1 /* Preview Content */ = {
			isa = PBXGroup;
			children = (
				B24BD06F2CA5B94500D65FD1 /* Preview Assets.xcassets */,
			);
			path = "Preview Content";
			sourceTree = "<group>";
		};
		B2FA474B2CD7AE4A00BBB3CF /* Helpers */ = {
			isa = PBXGroup;
			children = (
				B2FA474E2CD7AF0500BBB3CF /* Constans.swift */,
				B2FA47502CD7AF7900BBB3CF /* View+Extensions.swift */,
				B26BF3222CDBE3F200E4A598 /* UserModel.swift */,
			);
			path = Helpers;
			sourceTree = "<group>";
		};
		B2FA474C2CD7AE6000BBB3CF /* Model */ = {
			isa = PBXGroup;
			children = (
				B2FA47532CD7AFD700BBB3CF /* Tab.swift */,
				B2FA47552CD7B7A900BBB3CF /* TintColor.swift */,
			);
			path = Model;
			sourceTree = "<group>";
		};
		B2FA474D2CD7AE8500BBB3CF /* View */ = {
			isa = PBXGroup;
			children = (
				B2FA475A2CD7B99E00BBB3CF /* TabView */,
				B2FA47572CD7B87400BBB3CF /* Helpers */,
				B2FA475D2CD7BA2100BBB3CF /* IntroScreen.swift */,
			);
			path = View;
			sourceTree = "<group>";
		};
		B2FA47572CD7B87400BBB3CF /* Helpers */ = {
			isa = PBXGroup;
			children = (
				B2FA47582CD7B93B00BBB3CF /* ThemeChangeView.swift */,
				B26BF3242CDBE47500E4A598 /* DefaultAvatar.swift */,
			);
			path = Helpers;
			sourceTree = "<group>";
		};
		B2FA475A2CD7B99E00BBB3CF /* TabView */ = {
			isa = PBXGroup;
			children = (
				B2FA475B2CD7B9B400BBB3CF /* Settings.swift */,
				B26BF31C2CDBB3B900E4A598 /* Home.swift */,
				B26BF31E2CDBB40000E4A598 /* Search.swift */,
				B26BF3202CDBC82400E4A598 /* Profile.swift */,
				B26BF3262CDBF2F200E4A598 /* Rating.swift */,
			);
			path = TabView;
			sourceTree = "<group>";
		};
/* End PBXGroup section */

/* Begin PBXNativeTarget section */
		B24BD0622CA5B94300D65FD1 /* TeachPlay */ = {
			isa = PBXNativeTarget;
			buildConfigurationList = B24BD0732CA5B94500D65FD1 /* Build configuration list for PBXNativeTarget "TeachPlay" */;
			buildPhases = (
				B24BD05F2CA5B94300D65FD1 /* Sources */,
				B24BD0602CA5B94300D65FD1 /* Frameworks */,
				B24BD0612CA5B94300D65FD1 /* Resources */,
			);
			buildRules = (
			);
			dependencies = (
			);
			name = TeachPlay;
			productName = TeachPlay;
			productReference = B24BD0632CA5B94300D65FD1 /* TeachPlay.app */;
			productType = "com.apple.product-type.application";
		};
/* End PBXNativeTarget section */

/* Begin PBXProject section */
		B24BD05B2CA5B94300D65FD1 /* Project object */ = {
			isa = PBXProject;
			attributes = {
				BuildIndependentTargetsInParallel = 1;
				LastSwiftUpdateCheck = 1500;
				LastUpgradeCheck = 1500;
				TargetAttributes = {
					B24BD0622CA5B94300D65FD1 = {
						CreatedOnToolsVersion = 15.0;
					};
				};
			};
			buildConfigurationList = B24BD05E2CA5B94300D65FD1 /* Build configuration list for PBXProject "TeachPlay" */;
			compatibilityVersion = "Xcode 14.0";
			developmentRegion = en;
			hasScannedForEncodings = 0;
			knownRegions = (
				en,
				Base,
			);
			mainGroup = B24BD05A2CA5B94300D65FD1;
			productRefGroup = B24BD0642CA5B94300D65FD1 /* Products */;
			projectDirPath = "";
			projectRoot = "";
			targets = (
				B24BD0622CA5B94300D65FD1 /* TeachPlay */,
			);
		};
/* End PBXProject section */

/* Begin PBXResourcesBuildPhase section */
		B24BD0612CA5B94300D65FD1 /* Resources */ = {
			isa = PBXResourcesBuildPhase;
			buildActionMask = 2147483647;
			files = (
				B24BD0702CA5B94500D65FD1 /* Preview Assets.xcassets in Resources */,
				B24BD06D2CA5B94500D65FD1 /* Assets.xcassets in Resources */,
			);
			runOnlyForDeploymentPostprocessing = 0;
		};
/* End PBXResourcesBuildPhase section */

/* Begin PBXSourcesBuildPhase section */
		B24BD05F2CA5B94300D65FD1 /* Sources */ = {
			isa = PBXSourcesBuildPhase;
			buildActionMask = 2147483647;
			files = (
				B2FA475E2CD7BA2100BBB3CF /* IntroScreen.swift in Sources */,
				B2FA47562CD7B7A900BBB3CF /* TintColor.swift in Sources */,
				B24BD0692CA5B94400D65FD1 /* ContentView.swift in Sources */,
				B26BF3212CDBC82400E4A598 /* Profile.swift in Sources */,
				B26BF31D2CDBB3B900E4A598 /* Home.swift in Sources */,
				B24BD06B2CA5B94400D65FD1 /* Item.swift in Sources */,
				B2FA474F2CD7AF0500BBB3CF /* Constans.swift in Sources */,
				B2FA47592CD7B93B00BBB3CF /* ThemeChangeView.swift in Sources */,
				B26BF3232CDBE3F200E4A598 /* UserModel.swift in Sources */,
				B2FA47542CD7AFD700BBB3CF /* Tab.swift in Sources */,
				B2FA475C2CD7B9B400BBB3CF /* Settings.swift in Sources */,
				B26BF31F2CDBB40000E4A598 /* Search.swift in Sources */,
				B26BF3272CDBF2F200E4A598 /* Rating.swift in Sources */,
				B2FA47512CD7AF7900BBB3CF /* View+Extensions.swift in Sources */,
				B24BD0672CA5B94400D65FD1 /* TeachPlayApp.swift in Sources */,
				B26BF3252CDBE47500E4A598 /* DefaultAvatar.swift in Sources */,
			);
			runOnlyForDeploymentPostprocessing = 0;
		};
/* End PBXSourcesBuildPhase section */

/* Begin XCBuildConfiguration section */
		B24BD0712CA5B94500D65FD1 /* Debug */ = {
			isa = XCBuildConfiguration;
			buildSettings = {
				ALWAYS_SEARCH_USER_PATHS = NO;
				ASSETCATALOG_COMPILER_GENERATE_SWIFT_ASSET_SYMBOL_EXTENSIONS = YES;
				CLANG_ANALYZER_NONNULL = YES;
				CLANG_ANALYZER_NUMBER_OBJECT_CONVERSION = YES_AGGRESSIVE;
				CLANG_CXX_LANGUAGE_STANDARD = "gnu++20";
				CLANG_ENABLE_MODULES = YES;
				CLANG_ENABLE_OBJC_ARC = YES;
				CLANG_ENABLE_OBJC_WEAK = YES;
				CLANG_WARN_BLOCK_CAPTURE_AUTORELEASING = YES;
				CLANG_WARN_BOOL_CONVERSION = YES;
				CLANG_WARN_COMMA = YES;
				CLANG_WARN_CONSTANT_CONVERSION = YES;
				CLANG_WARN_DEPRECATED_OBJC_IMPLEMENTATIONS = YES;
				CLANG_WARN_DIRECT_OBJC_ISA_USAGE = YES_ERROR;
				CLANG_WARN_DOCUMENTATION_COMMENTS = YES;
				CLANG_WARN_EMPTY_BODY = YES;
				CLANG_WARN_ENUM_CONVERSION = YES;
				CLANG_WARN_INFINITE_RECURSION = YES;
				CLANG_WARN_INT_CONVERSION = YES;
				CLANG_WARN_NON_LITERAL_NULL_CONVERSION = YES;
				CLANG_WARN_OBJC_IMPLICIT_RETAIN_SELF = YES;
				CLANG_WARN_OBJC_LITERAL_CONVERSION = YES;
				CLANG_WARN_OBJC_ROOT_CLASS = YES_ERROR;
				CLANG_WARN_QUOTED_INCLUDE_IN_FRAMEWORK_HEADER = YES;
				CLANG_WARN_RANGE_LOOP_ANALYSIS = YES;
				CLANG_WARN_STRICT_PROTOTYPES = YES;
				CLANG_WARN_SUSPICIOUS_MOVE = YES;
				CLANG_WARN_UNGUARDED_AVAILABILITY = YES_AGGRESSIVE;
				CLANG_WARN_UNREACHABLE_CODE = YES;
				CLANG_WARN__DUPLICATE_METHOD_MATCH = YES;
				COPY_PHASE_STRIP = NO;
				DEBUG_INFORMATION_FORMAT = dwarf;
				ENABLE_STRICT_OBJC_MSGSEND = YES;
				ENABLE_TESTABILITY = YES;
				ENABLE_USER_SCRIPT_SANDBOXING = YES;
				GCC_C_LANGUAGE_STANDARD = gnu17;
				GCC_DYNAMIC_NO_PIC = NO;
				GCC_NO_COMMON_BLOCKS = YES;
				GCC_OPTIMIZATION_LEVEL = 0;
				GCC_PREPROCESSOR_DEFINITIONS = (
					"DEBUG=1",
					"$(inherited)",
				);
				GCC_WARN_64_TO_32_BIT_CONVERSION = YES;
				GCC_WARN_ABOUT_RETURN_TYPE = YES_ERROR;
				GCC_WARN_UNDECLARED_SELECTOR = YES;
				GCC_WARN_UNINITIALIZED_AUTOS = YES_AGGRESSIVE;
				GCC_WARN_UNUSED_FUNCTION = YES;
				GCC_WARN_UNUSED_VARIABLE = YES;
				IPHONEOS_DEPLOYMENT_TARGET = 17.0;
				LOCALIZATION_PREFERS_STRING_CATALOGS = YES;
				MTL_ENABLE_DEBUG_INFO = INCLUDE_SOURCE;
				MTL_FAST_MATH = YES;
				ONLY_ACTIVE_ARCH = YES;
				SDKROOT = iphoneos;
				SWIFT_ACTIVE_COMPILATION_CONDITIONS = "DEBUG $(inherited)";
				SWIFT_OPTIMIZATION_LEVEL = "-Onone";
			};
			name = Debug;
		};
		B24BD0722CA5B94500D65FD1 /* Release */ = {
			isa = XCBuildConfiguration;
			buildSettings = {
				ALWAYS_SEARCH_USER_PATHS = NO;
				ASSETCATALOG_COMPILER_GENERATE_SWIFT_ASSET_SYMBOL_EXTENSIONS = YES;
				CLANG_ANALYZER_NONNULL = YES;
				CLANG_ANALYZER_NUMBER_OBJECT_CONVERSION = YES_AGGRESSIVE;
				CLANG_CXX_LANGUAGE_STANDARD = "gnu++20";
				CLANG_ENABLE_MODULES = YES;
				CLANG_ENABLE_OBJC_ARC = YES;
				CLANG_ENABLE_OBJC_WEAK = YES;
				CLANG_WARN_BLOCK_CAPTURE_AUTORELEASING = YES;
				CLANG_WARN_BOOL_CONVERSION = YES;
				CLANG_WARN_COMMA = YES;
				CLANG_WARN_CONSTANT_CONVERSION = YES;
				CLANG_WARN_DEPRECATED_OBJC_IMPLEMENTATIONS = YES;
				CLANG_WARN_DIRECT_OBJC_ISA_USAGE = YES_ERROR;
				CLANG_WARN_DOCUMENTATION_COMMENTS = YES;
				CLANG_WARN_EMPTY_BODY = YES;
				CLANG_WARN_ENUM_CONVERSION = YES;
				CLANG_WARN_INFINITE_RECURSION = YES;
				CLANG_WARN_INT_CONVERSION = YES;
				CLANG_WARN_NON_LITERAL_NULL_CONVERSION = YES;
				CLANG_WARN_OBJC_IMPLICIT_RETAIN_SELF = YES;
				CLANG_WARN_OBJC_LITERAL_CONVERSION = YES;
				CLANG_WARN_OBJC_ROOT_CLASS = YES_ERROR;
				CLANG_WARN_QUOTED_INCLUDE_IN_FRAMEWORK_HEADER = YES;
				CLANG_WARN_RANGE_LOOP_ANALYSIS = YES;
				CLANG_WARN_STRICT_PROTOTYPES = YES;
				CLANG_WARN_SUSPICIOUS_MOVE = YES;
				CLANG_WARN_UNGUARDED_AVAILABILITY = YES_AGGRESSIVE;
				CLANG_WARN_UNREACHABLE_CODE = YES;
				CLANG_WARN__DUPLICATE_METHOD_MATCH = YES;
				COPY_PHASE_STRIP = NO;
				DEBUG_INFORMATION_FORMAT = "dwarf-with-dsym";
				ENABLE_NS_ASSERTIONS = NO;
				ENABLE_STRICT_OBJC_MSGSEND = YES;
				ENABLE_USER_SCRIPT_SANDBOXING = YES;
				GCC_C_LANGUAGE_STANDARD = gnu17;
				GCC_NO_COMMON_BLOCKS = YES;
				GCC_WARN_64_TO_32_BIT_CONVERSION = YES;
				GCC_WARN_ABOUT_RETURN_TYPE = YES_ERROR;
				GCC_WARN_UNDECLARED_SELECTOR = YES;
				GCC_WARN_UNINITIALIZED_AUTOS = YES_AGGRESSIVE;
				GCC_WARN_UNUSED_FUNCTION = YES;
				GCC_WARN_UNUSED_VARIABLE = YES;
				IPHONEOS_DEPLOYMENT_TARGET = 17.0;
				LOCALIZATION_PREFERS_STRING_CATALOGS = YES;
				MTL_ENABLE_DEBUG_INFO = NO;
				MTL_FAST_MATH = YES;
				SDKROOT = iphoneos;
				SWIFT_COMPILATION_MODE = wholemodule;
				VALIDATE_PRODUCT = YES;
			};
			name = Release;
		};
		B24BD0742CA5B94500D65FD1 /* Debug */ = {
			isa = XCBuildConfiguration;
			buildSettings = {
				ASSETCATALOG_COMPILER_APPICON_NAME = AppIcon;
				ASSETCATALOG_COMPILER_GLOBAL_ACCENT_COLOR_NAME = AccentColor;
				CODE_SIGN_STYLE = Automatic;
				CURRENT_PROJECT_VERSION = 1;
				DEVELOPMENT_ASSET_PATHS = "\"TeachPlay/Preview Content\"";
				ENABLE_PREVIEWS = YES;
				GENERATE_INFOPLIST_FILE = YES;
				INFOPLIST_KEY_UIApplicationSceneManifest_Generation = YES;
				INFOPLIST_KEY_UIApplicationSupportsIndirectInputEvents = YES;
				INFOPLIST_KEY_UILaunchScreen_Generation = YES;
				INFOPLIST_KEY_UISupportedInterfaceOrientations_iPad = "UIInterfaceOrientationPortrait UIInterfaceOrientationPortraitUpsideDown UIInterfaceOrientationLandscapeLeft UIInterfaceOrientationLandscapeRight";
				INFOPLIST_KEY_UISupportedInterfaceOrientations_iPhone = "UIInterfaceOrientationPortrait UIInterfaceOrientationLandscapeLeft UIInterfaceOrientationLandscapeRight";
				LD_RUNPATH_SEARCH_PATHS = (
					"$(inherited)",
					"@executable_path/Frameworks",
				);
				MARKETING_VERSION = 1.0;
				PRODUCT_BUNDLE_IDENTIFIER = My.TeachPlay;
				PRODUCT_NAME = "$(TARGET_NAME)";
				SWIFT_EMIT_LOC_STRINGS = YES;
				SWIFT_VERSION = 5.0;
				TARGETED_DEVICE_FAMILY = "1,2";
			};
			name = Debug;
		};
		B24BD0752CA5B94500D65FD1 /* Release */ = {
			isa = XCBuildConfiguration;
			buildSettings = {
				ASSETCATALOG_COMPILER_APPICON_NAME = AppIcon;
				ASSETCATALOG_COMPILER_GLOBAL_ACCENT_COLOR_NAME = AccentColor;
				CODE_SIGN_STYLE = Automatic;
				CURRENT_PROJECT_VERSION = 1;
				DEVELOPMENT_ASSET_PATHS = "\"TeachPlay/Preview Content\"";
				ENABLE_PREVIEWS = YES;
				GENERATE_INFOPLIST_FILE = YES;
				INFOPLIST_KEY_UIApplicationSceneManifest_Generation = YES;
				INFOPLIST_KEY_UIApplicationSupportsIndirectInputEvents = YES;
				INFOPLIST_KEY_UILaunchScreen_Generation = YES;
				INFOPLIST_KEY_UISupportedInterfaceOrientations_iPad = "UIInterfaceOrientationPortrait UIInterfaceOrientationPortraitUpsideDown UIInterfaceOrientationLandscapeLeft UIInterfaceOrientationLandscapeRight";
				INFOPLIST_KEY_UISupportedInterfaceOrientations_iPhone = "UIInterfaceOrientationPortrait UIInterfaceOrientationLandscapeLeft UIInterfaceOrientationLandscapeRight";
				LD_RUNPATH_SEARCH_PATHS = (
					"$(inherited)",
					"@executable_path/Frameworks",
				);
				MARKETING_VERSION = 1.0;
				PRODUCT_BUNDLE_IDENTIFIER = My.TeachPlay;
				PRODUCT_NAME = "$(TARGET_NAME)";
				SWIFT_EMIT_LOC_STRINGS = YES;
				SWIFT_VERSION = 5.0;
				TARGETED_DEVICE_FAMILY = "1,2";
			};
			name = Release;
		};
/* End XCBuildConfiguration section */

/* Begin XCConfigurationList section */
		B24BD05E2CA5B94300D65FD1 /* Build configuration list for PBXProject "TeachPlay" */ = {
			isa = XCConfigurationList;
			buildConfigurations = (
				B24BD0712CA5B94500D65FD1 /* Debug */,
				B24BD0722CA5B94500D65FD1 /* Release */,
			);
			defaultConfigurationIsVisible = 0;
			defaultConfigurationName = Release;
		};
		B24BD0732CA5B94500D65FD1 /* Build configuration list for PBXNativeTarget "TeachPlay" */ = {
			isa = XCConfigurationList;
			buildConfigurations = (
				B24BD0742CA5B94500D65FD1 /* Debug */,
				B24BD0752CA5B94500D65FD1 /* Release */,
			);
			defaultConfigurationIsVisible = 0;
			defaultConfigurationName = Release;
		};
/* End XCConfigurationList section */
	};
	rootObject = B24BD05B2CA5B94300D65FD1 /* Project object */;
}
